$:.push File.expand_path("../lib", __FILE__)
require "Zap/version"

Gem::Specification.new do |s|
  s.name        = "zap"
  s.version     = Zap::VERSION
  s.platform    = Gem::Platform::RUBY
  s.authors     = ["Montana Mendy"]
  s.email       = ["montana@montanamendy.com"]
  s.homepage    = "http://github.com/montana"
  s.summary     = %q{RubyMine Pow debugging}

  s.rubyforge_project = "zap"

  s.files         = `git ls-files`.split("\n")
  s.test_files    = `git ls-files -- {test,spec,features}/*`.split("\n")
  s.executables   = `git ls-files -- bin/*`.split("\n").map{ |f| File.basename(f) }
  s.require_paths = ["lib"]
